
Microsoft Visual Studio Solution File, Format Version 12.00
# Visual Studio Version 17
VisualStudioVersion = 17.11.35222.181
MinimumVisualStudioVersion = 10.0.40219.1
Project("{FAE04EC0-301F-11D3-BF4B-00C04F79EFBC}") = "EventFlow", "EventFlow.csproj", "{FE058F79-3FFB-46F6-A7C1-2195A119ECA4}"
EndProject
Global
	GlobalSection(SolutionConfigurationPlatforms) = preSolution
		Debug|Any CPU = Debug|Any CPU
		Release|Any CPU = Release|Any CPU
	EndGlobalSection
	GlobalSection(ProjectConfigurationPlatforms) = postSolution
		{FE058F79-3FFB-46F6-A7C1-2195A119ECA4}.Debug|Any CPU.ActiveCfg = Debug|Any CPU
		{FE058F79-3FFB-46F6-A7C1-2195A119ECA4}.Debug|Any CPU.Build.0 = Debug|Any CPU
		{FE058F79-3FFB-46F6-A7C1-2195A119ECA4}.Release|Any CPU.ActiveCfg = Release|Any CPU
		{FE058F79-3FFB-46F6-A7C1-2195A119ECA4}.Release|Any CPU.Build.0 = Release|Any CPU
	EndGlobalSection
	GlobalSection(SolutionProperties) = preSolution
		HideSolutionNode = FALSE
	EndGlobalSection
	GlobalSection(ExtensibilityGlobals) = postSolution
		SolutionGuid = {5C12C2F2-03DB-443B-89C1-CA13051C6553}
	EndGlobalSection
EndGlobal
